
Microsoft Visual Studio Solution File, Format Version 12.00
# Visual Studio Version 16
VisualStudioVersion = 16.0.28809.33
MinimumVisualStudioVersion = 10.0.40219.1
Project("{8BC9CEB8-8B4A-11D0-8D11-00A0C91BC942}") = "IOT-DLL", "IOT-DLL.vcxproj", "{528AFE88-A9F9-40F8-8F9C-28D9475375DD}"
EndProject
Global
	GlobalSection(SolutionConfigurationPlatforms) = preSolution
		Debug|x64 = Debug|x64
		Release|x64 = Release|x64
	EndGlobalSection
	GlobalSection(ProjectConfigurationPlatforms) = postSolution
		{528AFE88-A9F9-40F8-8F9C-28D9475375DD}.Debug|x64.ActiveCfg = Debug|x64
		{528AFE88-A9F9-40F8-8F9C-28D9475375DD}.Debug|x64.Build.0 = Debug|x64
		{528AFE88-A9F9-40F8-8F9C-28D9475375DD}.Release|x64.ActiveCfg = Release|x64
		{528AFE88-A9F9-40F8-8F9C-28D9475375DD}.Release|x64.Build.0 = Release|x64
	EndGlobalSection
	GlobalSection(SolutionProperties) = preSolution
		HideSolutionNode = FALSE
	EndGlobalSection
	GlobalSection(ExtensibilityGlobals) = postSolution
		SolutionGuid = {2EF9D2FB-0A6D-4C65-B811-5038F3B90949}
	EndGlobalSection
EndGlobal
